
Microsoft Visual Studio Solution File, Format Version 11.00
# Visual Studio 2010
Project("{FAE04EC0-301F-11D3-BF4B-00C04F79EFBC}") = "WcfServiceLibrary1", "WcfServiceLibrary1\WcfServiceLibrary1.csproj", "{EF4115D5-A3BD-4294-B9C3-51A227DD5581}"
EndProject
Project("{FAE04EC0-301F-11D3-BF4B-00C04F79EFBC}") = "WCFServer", "WCFServer\WCFServer.csproj", "{0F8CFB0F-3BCD-4378-896B-75483B93F26B}"
EndProject
Project("{FAE04EC0-301F-11D3-BF4B-00C04F79EFBC}") = "WCFClient", "WCFClient\WCFClient.csproj", "{0F3E119B-08ED-4457-89C2-836A11FB138B}"
	ProjectSection(ProjectDependencies) = postProject
		{EF4115D5-A3BD-4294-B9C3-51A227DD5581} = {EF4115D5-A3BD-4294-B9C3-51A227DD5581}
	EndProjectSection
EndProject
Global
	GlobalSection(SolutionConfigurationPlatforms) = preSolution
		Debug|Any CPU = Debug|Any CPU
		Debug|Mixed Platforms = Debug|Mixed Platforms
		Debug|x86 = Debug|x86
		Release|Any CPU = Release|Any CPU
		Release|Mixed Platforms = Release|Mixed Platforms
		Release|x86 = Release|x86
	EndGlobalSection
	GlobalSection(ProjectConfigurationPlatforms) = postSolution
		{EF4115D5-A3BD-4294-B9C3-51A227DD5581}.Debug|Any CPU.ActiveCfg = Debug|Any CPU
		{EF4115D5-A3BD-4294-B9C3-51A227DD5581}.Debug|Any CPU.Build.0 = Debug|Any CPU
		{EF4115D5-A3BD-4294-B9C3-51A227DD5581}.Debug|Mixed Platforms.ActiveCfg = Debug|Any CPU
		{EF4115D5-A3BD-4294-B9C3-51A227DD5581}.Debug|Mixed Platforms.Build.0 = Debug|Any CPU
		{EF4115D5-A3BD-4294-B9C3-51A227DD5581}.Debug|x86.ActiveCfg = Debug|Any CPU
		{EF4115D5-A3BD-4294-B9C3-51A227DD5581}.Release|Any CPU.ActiveCfg = Release|Any CPU
		{EF4115D5-A3BD-4294-B9C3-51A227DD5581}.Release|Any CPU.Build.0 = Release|Any CPU
		{EF4115D5-A3BD-4294-B9C3-51A227DD5581}.Release|Mixed Platforms.ActiveCfg = Release|Any CPU
		{EF4115D5-A3BD-4294-B9C3-51A227DD5581}.Release|Mixed Platforms.Build.0 = Release|Any CPU
		{EF4115D5-A3BD-4294-B9C3-51A227DD5581}.Release|x86.ActiveCfg = Release|Any CPU
		{0F8CFB0F-3BCD-4378-896B-75483B93F26B}.Debug|Any CPU.ActiveCfg = Debug|x86
		{0F8CFB0F-3BCD-4378-896B-75483B93F26B}.Debug|Mixed Platforms.ActiveCfg = Debug|x86
		{0F8CFB0F-3BCD-4378-896B-75483B93F26B}.Debug|Mixed Platforms.Build.0 = Debug|x86
		{0F8CFB0F-3BCD-4378-896B-75483B93F26B}.Debug|x86.ActiveCfg = Debug|x86
		{0F8CFB0F-3BCD-4378-896B-75483B93F26B}.Debug|x86.Build.0 = Debug|x86
		{0F8CFB0F-3BCD-4378-896B-75483B93F26B}.Release|Any CPU.ActiveCfg = Release|x86
		{0F8CFB0F-3BCD-4378-896B-75483B93F26B}.Release|Mixed Platforms.ActiveCfg = Release|x86
		{0F8CFB0F-3BCD-4378-896B-75483B93F26B}.Release|Mixed Platforms.Build.0 = Release|x86
		{0F8CFB0F-3BCD-4378-896B-75483B93F26B}.Release|x86.ActiveCfg = Release|x86
		{0F8CFB0F-3BCD-4378-896B-75483B93F26B}.Release|x86.Build.0 = Release|x86
		{0F3E119B-08ED-4457-89C2-836A11FB138B}.Debug|Any CPU.ActiveCfg = Debug|x86
		{0F3E119B-08ED-4457-89C2-836A11FB138B}.Debug|Mixed Platforms.ActiveCfg = Debug|x86
		{0F3E119B-08ED-4457-89C2-836A11FB138B}.Debug|Mixed Platforms.Build.0 = Debug|x86
		{0F3E119B-08ED-4457-89C2-836A11FB138B}.Debug|x86.ActiveCfg = Debug|x86
		{0F3E119B-08ED-4457-89C2-836A11FB138B}.Debug|x86.Build.0 = Debug|x86
		{0F3E119B-08ED-4457-89C2-836A11FB138B}.Release|Any CPU.ActiveCfg = Release|x86
		{0F3E119B-08ED-4457-89C2-836A11FB138B}.Release|Mixed Platforms.ActiveCfg = Release|x86
		{0F3E119B-08ED-4457-89C2-836A11FB138B}.Release|Mixed Platforms.Build.0 = Release|x86
		{0F3E119B-08ED-4457-89C2-836A11FB138B}.Release|x86.ActiveCfg = Release|x86
		{0F3E119B-08ED-4457-89C2-836A11FB138B}.Release|x86.Build.0 = Release|x86
	EndGlobalSection
	GlobalSection(SolutionProperties) = preSolution
		HideSolutionNode = FALSE
	EndGlobalSection
EndGlobal
